// !$*UTF8*$!
{
	archiveVersion = 1;
	classes = {
	};
	objectVersion = 55;
	objects = {

/* Begin PBXBuildFile section */
		12C1E42E281AB956005B4ABF /* LearnByDoingApp.swift in Sources */ = {isa = PBXBuildFile; fileRef = 12C1E42D281AB956005B4ABF /* LearnByDoingApp.swift */; };
		12C1E430281AB956005B4ABF /* ContentView.swift in Sources */ = {isa = PBXBuildFile; fileRef = 12C1E42F281AB956005B4ABF /* ContentView.swift */; };
		12C1E432281AB957005B4ABF /* Assets.xcassets in Resources */ = {isa = PBXBuildFile; fileRef = 12C1E431281AB957005B4ABF /* Assets.xcassets */; };
		12C1E435281AB957005B4ABF /* Preview Assets.xcassets in Resources */ = {isa = PBXBuildFile; fileRef = 12C1E434281AB957005B4ABF /* Preview Assets.xcassets */; };
		12C1E456281ABC96005B4ABF /* Launch Screen.storyboard in Resources */ = {isa = PBXBuildFile; fileRef = 12C1E455281ABC96005B4ABF /* Launch Screen.storyboard */; };
		12C1E458281ABED0005B4ABF /* CardView.swift in Sources */ = {isa = PBXBuildFile; fileRef = 12C1E457281ABED0005B4ABF /* CardView.swift */; };
		12C1E466281D6BE8005B4ABF /* CardModel.swift in Sources */ = {isa = PBXBuildFile; fileRef = 12C1E465281D6BE8005B4ABF /* CardModel.swift */; };
		12C1E468281D6C81005B4ABF /* CardData.swift in Sources */ = {isa = PBXBuildFile; fileRef = 12C1E467281D6C81005B4ABF /* CardData.swift */; };
		12C1E46A281D71BC005B4ABF /* sound-chime.mp3 in Resources */ = {isa = PBXBuildFile; fileRef = 12C1E469281D71BC005B4ABF /* sound-chime.mp3 */; };
		12C1E46C281D71CA005B4ABF /* PlaySounds.swift in Sources */ = {isa = PBXBuildFile; fileRef = 12C1E46B281D71CA005B4ABF /* PlaySounds.swift */; };
		12C1E472281D786F005B4ABF /* Stickers.xcassets in Resources */ = {isa = PBXBuildFile; fileRef = 12C1E471281D786F005B4ABF /* Stickers.xcassets */; };
		12C1E476281D786F005B4ABF /* stickers.appex in Embed App Extensions */ = {isa = PBXBuildFile; fileRef = 12C1E46F281D786D005B4ABF /* stickers.appex */; settings = {ATTRIBUTES = (RemoveHeadersOnCopy, ); }; };
/* End PBXBuildFile section */

/* Begin PBXContainerItemProxy section */
		12C1E474281D786F005B4ABF /* PBXContainerItemProxy */ = {
			isa = PBXContainerItemProxy;
			containerPortal = 12C1E422281AB956005B4ABF /* Project object */;
			proxyType = 1;
			remoteGlobalIDString = 12C1E46E281D786D005B4ABF;
			remoteInfo = stickers;
		};
/* End PBXContainerItemProxy section */

/* Begin PBXCopyFilesBuildPhase section */
		12C1E47A281D786F005B4ABF /* Embed App Extensions */ = {
			isa = PBXCopyFilesBuildPhase;
			buildActionMask = 2147483647;
			dstPath = "";
			dstSubfolderSpec = 13;
			files = (
				12C1E476281D786F005B4ABF /* stickers.appex in Embed App Extensions */,
			);
			name = "Embed App Extensions";
			runOnlyForDeploymentPostprocessing = 0;
		};
/* End PBXCopyFilesBuildPhase section */

/* Begin PBXFileReference section */
		12C1E42A281AB956005B4ABF /* LearnByDoing.app */ = {isa = PBXFileReference; explicitFileType = wrapper.application; includeInIndex = 0; path = LearnByDoing.app; sourceTree = BUILT_PRODUCTS_DIR; };
		12C1E42D281AB956005B4ABF /* LearnByDoingApp.swift */ = {isa = PBXFileReference; lastKnownFileType = sourcecode.swift; path = LearnByDoingApp.swift; sourceTree = "<group>"; };
		12C1E42F281AB956005B4ABF /* ContentView.swift */ = {isa = PBXFileReference; lastKnownFileType = sourcecode.swift; path = ContentView.swift; sourceTree = "<group>"; };
		12C1E431281AB957005B4ABF /* Assets.xcassets */ = {isa = PBXFileReference; lastKnownFileType = folder.assetcatalog; path = Assets.xcassets; sourceTree = "<group>"; };
		12C1E434281AB957005B4ABF /* Preview Assets.xcassets */ = {isa = PBXFileReference; lastKnownFileType = folder.assetcatalog; path = "Preview Assets.xcassets"; sourceTree = "<group>"; };
		12C1E455281ABC96005B4ABF /* Launch Screen.storyboard */ = {isa = PBXFileReference; lastKnownFileType = file.storyboard; path = "Launch Screen.storyboard"; sourceTree = "<group>"; };
		12C1E457281ABED0005B4ABF /* CardView.swift */ = {isa = PBXFileReference; lastKnownFileType = sourcecode.swift; path = CardView.swift; sourceTree = "<group>"; };
		12C1E465281D6BE8005B4ABF /* CardModel.swift */ = {isa = PBXFileReference; lastKnownFileType = sourcecode.swift; path = CardModel.swift; sourceTree = "<group>"; };
		12C1E467281D6C81005B4ABF /* CardData.swift */ = {isa = PBXFileReference; lastKnownFileType = sourcecode.swift; path = CardData.swift; sourceTree = "<group>"; };
		12C1E469281D71BC005B4ABF /* sound-chime.mp3 */ = {isa = PBXFileReference; lastKnownFileType = audio.mp3; path = "sound-chime.mp3"; sourceTree = "<group>"; };
		12C1E46B281D71CA005B4ABF /* PlaySounds.swift */ = {isa = PBXFileReference; lastKnownFileType = sourcecode.swift; path = PlaySounds.swift; sourceTree = "<group>"; };
		12C1E46F281D786D005B4ABF /* stickers.appex */ = {isa = PBXFileReference; explicitFileType = "wrapper.app-extension"; includeInIndex = 0; path = stickers.appex; sourceTree = BUILT_PRODUCTS_DIR; };
		12C1E471281D786F005B4ABF /* Stickers.xcassets */ = {isa = PBXFileReference; lastKnownFileType = folder.assetcatalog; path = Stickers.xcassets; sourceTree = "<group>"; };
		12C1E473281D786F005B4ABF /* Info.plist */ = {isa = PBXFileReference; lastKnownFileType = text.plist.xml; path = Info.plist; sourceTree = "<group>"; };
/* End PBXFileReference section */

/* Begin PBXFrameworksBuildPhase section */
		12C1E427281AB956005B4ABF /* Frameworks */ = {
			isa = PBXFrameworksBuildPhase;
			buildActionMask = 2147483647;
			files = (
			);
			runOnlyForDeploymentPostprocessing = 0;
		};
/* End PBXFrameworksBuildPhase section */

/* Begin PBXGroup section */
		12C1E421281AB956005B4ABF = {
			isa = PBXGroup;
			children = (
				12C1E42C281AB956005B4ABF /* LearnByDoing */,
				12C1E470281D786D005B4ABF /* stickers */,
				12C1E42B281AB956005B4ABF /* Products */,
			);
			sourceTree = "<group>";
		};
		12C1E42B281AB956005B4ABF /* Products */ = {
			isa = PBXGroup;
			children = (
				12C1E42A281AB956005B4ABF /* LearnByDoing.app */,
				12C1E46F281D786D005B4ABF /* stickers.appex */,
			);
			name = Products;
			sourceTree = "<group>";
		};
		12C1E42C281AB956005B4ABF /* LearnByDoing */ = {
			isa = PBXGroup;
			children = (
				12C1E42D281AB956005B4ABF /* LearnByDoingApp.swift */,
				12C1E457281ABED0005B4ABF /* CardView.swift */,
				12C1E42F281AB956005B4ABF /* ContentView.swift */,
				12C1E46B281D71CA005B4ABF /* PlaySounds.swift */,
				12C1E467281D6C81005B4ABF /* CardData.swift */,
				12C1E465281D6BE8005B4ABF /* CardModel.swift */,
				12C1E431281AB957005B4ABF /* Assets.xcassets */,
				12C1E455281ABC96005B4ABF /* Launch Screen.storyboard */,
				12C1E469281D71BC005B4ABF /* sound-chime.mp3 */,
				12C1E433281AB957005B4ABF /* Preview Content */,
			);
			path = LearnByDoing;
			sourceTree = "<group>";
		};
		12C1E433281AB957005B4ABF /* Preview Content */ = {
			isa = PBXGroup;
			children = (
				12C1E434281AB957005B4ABF /* Preview Assets.xcassets */,
			);
			path = "Preview Content";
			sourceTree = "<group>";
		};
		12C1E470281D786D005B4ABF /* stickers */ = {
			isa = PBXGroup;
			children = (
				12C1E471281D786F005B4ABF /* Stickers.xcassets */,
				12C1E473281D786F005B4ABF /* Info.plist */,
			);
			path = stickers;
			sourceTree = "<group>";
		};
/* End PBXGroup section */

/* Begin PBXNativeTarget section */
		12C1E429281AB956005B4ABF /* LearnByDoing */ = {
			isa = PBXNativeTarget;
			buildConfigurationList = 12C1E438281AB957005B4ABF /* Build configuration list for PBXNativeTarget "LearnByDoing" */;
			buildPhases = (
				12C1E426281AB956005B4ABF /* Sources */,
				12C1E427281AB956005B4ABF /* Frameworks */,
				12C1E428281AB956005B4ABF /* Resources */,
				12C1E47A281D786F005B4ABF /* Embed App Extensions */,
			);
			buildRules = (
			);
			dependencies = (
				12C1E475281D786F005B4ABF /* PBXTargetDependency */,
			);
			name = LearnByDoing;
			productName = LearnByDoing;
			productReference = 12C1E42A281AB956005B4ABF /* LearnByDoing.app */;
			productType = "com.apple.product-type.application";
		};
		12C1E46E281D786D005B4ABF /* stickers */ = {
			isa = PBXNativeTarget;
			buildConfigurationList = 12C1E477281D786F005B4ABF /* Build configuration list for PBXNativeTarget "stickers" */;
			buildPhases = (
				12C1E46D281D786D005B4ABF /* Resources */,
			);
			buildRules = (
			);
			dependencies = (
			);
			name = stickers;
			productName = stickers;
			productReference = 12C1E46F281D786D005B4ABF /* stickers.appex */;
			productType = "com.apple.product-type.app-extension.messages-sticker-pack";
		};
/* End PBXNativeTarget section */

/* Begin PBXProject section */
		12C1E422281AB956005B4ABF /* Project object */ = {
			isa = PBXProject;
			attributes = {
				BuildIndependentTargetsInParallel = 1;
				LastSwiftUpdateCheck = 1320;
				LastUpgradeCheck = 1320;
				TargetAttributes = {
					12C1E429281AB956005B4ABF = {
						CreatedOnToolsVersion = 13.2.1;
					};
					12C1E46E281D786D005B4ABF = {
						CreatedOnToolsVersion = 13.2.1;
					};
				};
			};
			buildConfigurationList = 12C1E425281AB956005B4ABF /* Build configuration list for PBXProject "LearnByDoing" */;
			compatibilityVersion = "Xcode 13.0";
			developmentRegion = en;
			hasScannedForEncodings = 0;
			knownRegions = (
				en,
				Base,
			);
			mainGroup = 12C1E421281AB956005B4ABF;
			productRefGroup = 12C1E42B281AB956005B4ABF /* Products */;
			projectDirPath = "";
			projectRoot = "";
			targets = (
				12C1E429281AB956005B4ABF /* LearnByDoing */,
				12C1E46E281D786D005B4ABF /* stickers */,
			);
		};
/* End PBXProject section */

/* Begin PBXResourcesBuildPhase section */
		12C1E428281AB956005B4ABF /* Resources */ = {
			isa = PBXResourcesBuildPhase;
			buildActionMask = 2147483647;
			files = (
				12C1E456281ABC96005B4ABF /* Launch Screen.storyboard in Resources */,
				12C1E46A281D71BC005B4ABF /* sound-chime.mp3 in Resources */,
				12C1E435281AB957005B4ABF /* Preview Assets.xcassets in Resources */,
				12C1E432281AB957005B4ABF /* Assets.xcassets in Resources */,
			);
			runOnlyForDeploymentPostprocessing = 0;
		};
		12C1E46D281D786D005B4ABF /* Resources */ = {
			isa = PBXResourcesBuildPhase;
			buildActionMask = 2147483647;
			files = (
				12C1E472281D786F005B4ABF /* Stickers.xcassets in Resources */,
			);
			runOnlyForDeploymentPostprocessing = 0;
		};
/* End PBXResourcesBuildPhase section */

/* Begin PBXSourcesBuildPhase section */
		12C1E426281AB956005B4ABF /* Sources */ = {
			isa = PBXSourcesBuildPhase;
			buildActionMask = 2147483647;
			files = (
				12C1E468281D6C81005B4ABF /* CardData.swift in Sources */,
				12C1E46C281D71CA005B4ABF /* PlaySounds.swift in Sources */,
				12C1E430281AB956005B4ABF /* ContentView.swift in Sources */,
				12C1E466281D6BE8005B4ABF /* CardModel.swift in Sources */,
				12C1E458281ABED0005B4ABF /* CardView.swift in Sources */,
				12C1E42E281AB956005B4ABF /* LearnByDoingApp.swift in Sources */,
			);
			runOnlyForDeploymentPostprocessing = 0;
		};
/* End PBXSourcesBuildPhase section */

/* Begin PBXTargetDependency section */
		12C1E475281D786F005B4ABF /* PBXTargetDependency */ = {
			isa = PBXTargetDependency;
			target = 12C1E46E281D786D005B4ABF /* stickers */;
			targetProxy = 12C1E474281D786F005B4ABF /* PBXContainerItemProxy */;
		};
/* End PBXTargetDependency section */

/* Begin XCBuildConfiguration section */
		12C1E436281AB957005B4ABF /* Debug */ = {
			isa = XCBuildConfiguration;
			buildSettings = {
				ALWAYS_SEARCH_USER_PATHS = NO;
				CLANG_ANALYZER_NONNULL = YES;
				CLANG_ANALYZER_NUMBER_OBJECT_CONVERSION = YES_AGGRESSIVE;
				CLANG_CXX_LANGUAGE_STANDARD = "gnu++17";
				CLANG_CXX_LIBRARY = "libc++";
				CLANG_ENABLE_MODULES = YES;
				CLANG_ENABLE_OBJC_ARC = YES;
				CLANG_ENABLE_OBJC_WEAK = YES;
				CLANG_WARN_BLOCK_CAPTURE_AUTORELEASING = YES;
				CLANG_WARN_BOOL_CONVERSION = YES;
				CLANG_WARN_COMMA = YES;
				CLANG_WARN_CONSTANT_CONVERSION = YES;
				CLANG_WARN_DEPRECATED_OBJC_IMPLEMENTATIONS = YES;
				CLANG_WARN_DIRECT_OBJC_ISA_USAGE = YES_ERROR;
				CLANG_WARN_DOCUMENTATION_COMMENTS = YES;
				CLANG_WARN_EMPTY_BODY = YES;
				CLANG_WARN_ENUM_CONVERSION = YES;
				CLANG_WARN_INFINITE_RECURSION = YES;
				CLANG_WARN_INT_CONVERSION = YES;
				CLANG_WARN_NON_LITERAL_NULL_CONVERSION = YES;
				CLANG_WARN_OBJC_IMPLICIT_RETAIN_SELF = YES;
				CLANG_WARN_OBJC_LITERAL_CONVERSION = YES;
				CLANG_WARN_OBJC_ROOT_CLASS = YES_ERROR;
				CLANG_WARN_QUOTED_INCLUDE_IN_FRAMEWORK_HEADER = YES;
				CLANG_WARN_RANGE_LOOP_ANALYSIS = YES;
				CLANG_WARN_STRICT_PROTOTYPES = YES;
				CLANG_WARN_SUSPICIOUS_MOVE = YES;
				CLANG_WARN_UNGUARDED_AVAILABILITY = YES_AGGRESSIVE;
				CLANG_WARN_UNREACHABLE_CODE = YES;
				CLANG_WARN__DUPLICATE_METHOD_MATCH = YES;
				COPY_PHASE_STRIP = NO;
				DEBUG_INFORMATION_FORMAT = dwarf;
				ENABLE_STRICT_OBJC_MSGSEND = YES;
				ENABLE_TESTABILITY = YES;
				GCC_C_LANGUAGE_STANDARD = gnu11;
				GCC_DYNAMIC_NO_PIC = NO;
				GCC_NO_COMMON_BLOCKS = YES;
				GCC_OPTIMIZATION_LEVEL = 0;
				GCC_PREPROCESSOR_DEFINITIONS = (
					"DEBUG=1",
					"$(inherited)",
				);
				GCC_WARN_64_TO_32_BIT_CONVERSION = YES;
				GCC_WARN_ABOUT_RETURN_TYPE = YES_ERROR;
				GCC_WARN_UNDECLARED_SELECTOR = YES;
				GCC_WARN_UNINITIALIZED_AUTOS = YES_AGGRESSIVE;
				GCC_WARN_UNUSED_FUNCTION = YES;
				GCC_WARN_UNUSED_VARIABLE = YES;
				IPHONEOS_DEPLOYMENT_TARGET = 15.2;
				MTL_ENABLE_DEBUG_INFO = INCLUDE_SOURCE;
				MTL_FAST_MATH = YES;
				ONLY_ACTIVE_ARCH = YES;
				SDKROOT = iphoneos;
				SWIFT_ACTIVE_COMPILATION_CONDITIONS = DEBUG;
				SWIFT_OPTIMIZATION_LEVEL = "-Onone";
			};
			name = Debug;
		};
		12C1E437281AB957005B4ABF /* Release */ = {
			isa = XCBuildConfiguration;
			buildSettings = {
				ALWAYS_SEARCH_USER_PATHS = NO;
				CLANG_ANALYZER_NONNULL = YES;
				CLANG_ANALYZER_NUMBER_OBJECT_CONVERSION = YES_AGGRESSIVE;
				CLANG_CXX_LANGUAGE_STANDARD = "gnu++17";
				CLANG_CXX_LIBRARY = "libc++";
				CLANG_ENABLE_MODULES = YES;
				CLANG_ENABLE_OBJC_ARC = YES;
				CLANG_ENABLE_OBJC_WEAK = YES;
				CLANG_WARN_BLOCK_CAPTURE_AUTORELEASING = YES;
				CLANG_WARN_BOOL_CONVERSION = YES;
				CLANG_WARN_COMMA = YES;
				CLANG_WARN_CONSTANT_CONVERSION = YES;
				CLANG_WARN_DEPRECATED_OBJC_IMPLEMENTATIONS = YES;
				CLANG_WARN_DIRECT_OBJC_ISA_USAGE = YES_ERROR;
				CLANG_WARN_DOCUMENTATION_COMMENTS = YES;
				CLANG_WARN_EMPTY_BODY = YES;
				CLANG_WARN_ENUM_CONVERSION = YES;
				CLANG_WARN_INFINITE_RECURSION = YES;
				CLANG_WARN_INT_CONVERSION = YES;
				CLANG_WARN_NON_LITERAL_NULL_CONVERSION = YES;
				CLANG_WARN_OBJC_IMPLICIT_RETAIN_SELF = YES;
				CLANG_WARN_OBJC_LITERAL_CONVERSION = YES;
				CLANG_WARN_OBJC_ROOT_CLASS = YES_ERROR;
				CLANG_WARN_QUOTED_INCLUDE_IN_FRAMEWORK_HEADER = YES;
				CLANG_WARN_RANGE_LOOP_ANALYSIS = YES;
				CLANG_WARN_STRICT_PROTOTYPES = YES;
				CLANG_WARN_SUSPICIOUS_MOVE = YES;
				CLANG_WARN_UNGUARDED_AVAILABILITY = YES_AGGRESSIVE;
				CLANG_WARN_UNREACHABLE_CODE = YES;
				CLANG_WARN__DUPLICATE_METHOD_MATCH = YES;
				COPY_PHASE_STRIP = NO;
				DEBUG_INFORMATION_FORMAT = "dwarf-with-dsym";
				ENABLE_NS_ASSERTIONS = NO;
				ENABLE_STRICT_OBJC_MSGSEND = YES;
				GCC_C_LANGUAGE_STANDARD = gnu11;
				GCC_NO_COMMON_BLOCKS = YES;
				GCC_WARN_64_TO_32_BIT_CONVERSION = YES;
				GCC_WARN_ABOUT_RETURN_TYPE = YES_ERROR;
				GCC_WARN_UNDECLARED_SELECTOR = YES;
				GCC_WARN_UNINITIALIZED_AUTOS = YES_AGGRESSIVE;
				GCC_WARN_UNUSED_FUNCTION = YES;
				GCC_WARN_UNUSED_VARIABLE = YES;
				IPHONEOS_DEPLOYMENT_TARGET = 15.2;
				MTL_ENABLE_DEBUG_INFO = NO;
				MTL_FAST_MATH = YES;
				SDKROOT = iphoneos;
				SWIFT_COMPILATION_MODE = wholemodule;
				SWIFT_OPTIMIZATION_LEVEL = "-O";
				VALIDATE_PRODUCT = YES;
			};
			name = Release;
		};
		12C1E439281AB957005B4ABF /* Debug */ = {
			isa = XCBuildConfiguration;
			buildSettings = {
				ASSETCATALOG_COMPILER_APPICON_NAME = AppIcon;
				ASSETCATALOG_COMPILER_GLOBAL_ACCENT_COLOR_NAME = AccentColor;
				ASSETCATALOG_COMPILER_INCLUDE_ALL_APPICON_ASSETS = NO;
				CODE_SIGN_STYLE = Automatic;
				CURRENT_PROJECT_VERSION = 1;
				DEVELOPMENT_ASSET_PATHS = "\"LearnByDoing/Preview Content\"";
				ENABLE_PREVIEWS = YES;
				GENERATE_INFOPLIST_FILE = YES;
				INFOPLIST_KEY_UIApplicationSceneManifest_Generation = YES;
				INFOPLIST_KEY_UIApplicationSupportsIndirectInputEvents = YES;
				INFOPLIST_KEY_UILaunchScreen_Generation = YES;
				INFOPLIST_KEY_UILaunchStoryboardName = "Launch Screen";
				INFOPLIST_KEY_UISupportedInterfaceOrientations_iPad = "UIInterfaceOrientationPortrait UIInterfaceOrientationPortraitUpsideDown UIInterfaceOrientationLandscapeLeft UIInterfaceOrientationLandscapeRight";
				INFOPLIST_KEY_UISupportedInterfaceOrientations_iPhone = "UIInterfaceOrientationPortrait UIInterfaceOrientationLandscapeLeft UIInterfaceOrientationLandscapeRight";
				LD_RUNPATH_SEARCH_PATHS = (
					"$(inherited)",
					"@executable_path/Frameworks",
				);
				MARKETING_VERSION = 1.0;
				PRODUCT_BUNDLE_IDENTIFIER = com.LearnByDoing;
				PRODUCT_NAME = "$(TARGET_NAME)";
				SWIFT_EMIT_LOC_STRINGS = YES;
				SWIFT_VERSION = 5.0;
				TARGETED_DEVICE_FAMILY = "1,2";
			};
			name = Debug;
		};
		12C1E43A281AB957005B4ABF /* Release */ = {
			isa = XCBuildConfiguration;
			buildSettings = {
				ASSETCATALOG_COMPILER_APPICON_NAME = AppIcon;
				ASSETCATALOG_COMPILER_GLOBAL_ACCENT_COLOR_NAME = AccentColor;
				ASSETCATALOG_COMPILER_INCLUDE_ALL_APPICON_ASSETS = NO;
				CODE_SIGN_STYLE = Automatic;
				CURRENT_PROJECT_VERSION = 1;
				DEVELOPMENT_ASSET_PATHS = "\"LearnByDoing/Preview Content\"";
				ENABLE_PREVIEWS = YES;
				GENERATE_INFOPLIST_FILE = YES;
				INFOPLIST_KEY_UIApplicationSceneManifest_Generation = YES;
				INFOPLIST_KEY_UIApplicationSupportsIndirectInputEvents = YES;
				INFOPLIST_KEY_UILaunchScreen_Generation = YES;
				INFOPLIST_KEY_UILaunchStoryboardName = "Launch Screen";
				INFOPLIST_KEY_UISupportedInterfaceOrientations_iPad = "UIInterfaceOrientationPortrait UIInterfaceOrientationPortraitUpsideDown UIInterfaceOrientationLandscapeLeft UIInterfaceOrientationLandscapeRight";
				INFOPLIST_KEY_UISupportedInterfaceOrientations_iPhone = "UIInterfaceOrientationPortrait UIInterfaceOrientationLandscapeLeft UIInterfaceOrientationLandscapeRight";
				LD_RUNPATH_SEARCH_PATHS = (
					"$(inherited)",
					"@executable_path/Frameworks",
				);
				MARKETING_VERSION = 1.0;
				PRODUCT_BUNDLE_IDENTIFIER = com.LearnByDoing;
				PRODUCT_NAME = "$(TARGET_NAME)";
				SWIFT_EMIT_LOC_STRINGS = YES;
				SWIFT_VERSION = 5.0;
				TARGETED_DEVICE_FAMILY = "1,2";
			};
			name = Release;
		};
		12C1E478281D786F005B4ABF /* Debug */ = {
			isa = XCBuildConfiguration;
			buildSettings = {
				ASSETCATALOG_COMPILER_APPICON_NAME = "iMessage App Icon";
				CODE_SIGN_STYLE = Automatic;
				CURRENT_PROJECT_VERSION = 1;
				GENERATE_INFOPLIST_FILE = YES;
				INFOPLIST_FILE = stickers/Info.plist;
				INFOPLIST_KEY_CFBundleDisplayName = "Learn by doing";
				IPHONEOS_DEPLOYMENT_TARGET = 10.0;
				MARKETING_VERSION = 1.0;
				PRODUCT_BUNDLE_IDENTIFIER = com.LearnByDoing.stickers;
				PRODUCT_NAME = "$(TARGET_NAME)";
				SKIP_INSTALL = YES;
				SWIFT_EMIT_LOC_STRINGS = YES;
				TARGETED_DEVICE_FAMILY = "1,2";
			};
			name = Debug;
		};
		12C1E479281D786F005B4ABF /* Release */ = {
			isa = XCBuildConfiguration;
			buildSettings = {
				ASSETCATALOG_COMPILER_APPICON_NAME = "iMessage App Icon";
				CODE_SIGN_STYLE = Automatic;
				CURRENT_PROJECT_VERSION = 1;
				GENERATE_INFOPLIST_FILE = YES;
				INFOPLIST_FILE = stickers/Info.plist;
				INFOPLIST_KEY_CFBundleDisplayName = "Learn by doing";
				IPHONEOS_DEPLOYMENT_TARGET = 10.0;
				MARKETING_VERSION = 1.0;
				PRODUCT_BUNDLE_IDENTIFIER = com.LearnByDoing.stickers;
				PRODUCT_NAME = "$(TARGET_NAME)";
				SKIP_INSTALL = YES;
				SWIFT_EMIT_LOC_STRINGS = YES;
				TARGETED_DEVICE_FAMILY = "1,2";
			};
			name = Release;
		};
/* End XCBuildConfiguration section */

/* Begin XCConfigurationList section */
		12C1E425281AB956005B4ABF /* Build configuration list for PBXProject "LearnByDoing" */ = {
			isa = XCConfigurationList;
			buildConfigurations = (
				12C1E436281AB957005B4ABF /* Debug */,
				12C1E437281AB957005B4ABF /* Release */,
			);
			defaultConfigurationIsVisible = 0;
			defaultConfigurationName = Release;
		};
		12C1E438281AB957005B4ABF /* Build configuration list for PBXNativeTarget "LearnByDoing" */ = {
			isa = XCConfigurationList;
			buildConfigurations = (
				12C1E439281AB957005B4ABF /* Debug */,
				12C1E43A281AB957005B4ABF /* Release */,
			);
			defaultConfigurationIsVisible = 0;
			defaultConfigurationName = Release;
		};
		12C1E477281D786F005B4ABF /* Build configuration list for PBXNativeTarget "stickers" */ = {
			isa = XCConfigurationList;
			buildConfigurations = (
				12C1E478281D786F005B4ABF /* Debug */,
				12C1E479281D786F005B4ABF /* Release */,
			);
			defaultConfigurationIsVisible = 0;
			defaultConfigurationName = Release;
		};
/* End XCConfigurationList section */
	};
	rootObject = 12C1E422281AB956005B4ABF /* Project object */;
}
